
Microsoft Visual Studio Solution File, Format Version 12.00
# Visual Studio Version 16
VisualStudioVersion = 16.0.30804.86
MinimumVisualStudioVersion = 10.0.40219.1
Project("{FAE04EC0-301F-11D3-BF4B-00C04F79EFBC}") = "MLVjezba", "MLVjezba\MLVjezba.csproj", "{049BBB5C-B969-45CF-8025-2EFD959E73F5}"
EndProject
Global
	GlobalSection(SolutionConfigurationPlatforms) = preSolution
		Debug|Any CPU = Debug|Any CPU
		Release|Any CPU = Release|Any CPU
	EndGlobalSection
	GlobalSection(ProjectConfigurationPlatforms) = postSolution
		{049BBB5C-B969-45CF-8025-2EFD959E73F5}.Debug|Any CPU.ActiveCfg = Debug|Any CPU
		{049BBB5C-B969-45CF-8025-2EFD959E73F5}.Debug|Any CPU.Build.0 = Debug|Any CPU
		{049BBB5C-B969-45CF-8025-2EFD959E73F5}.Release|Any CPU.ActiveCfg = Release|Any CPU
		{049BBB5C-B969-45CF-8025-2EFD959E73F5}.Release|Any CPU.Build.0 = Release|Any CPU
	EndGlobalSection
	GlobalSection(SolutionProperties) = preSolution
		HideSolutionNode = FALSE
	EndGlobalSection
	GlobalSection(ExtensibilityGlobals) = postSolution
		SolutionGuid = {6CF98F85-6683-4FA9-94B5-9D290DDBED55}
	EndGlobalSection
EndGlobal
